
Microsoft Visual Studio Solution File, Format Version 12.00
# Visual Studio Version 17
VisualStudioVersion = 17.1.32414.318
MinimumVisualStudioVersion = 10.0.40219.1
Project("{FAE04EC0-301F-11D3-BF4B-00C04F79EFBC}") = "LibraryItems", "LibraryItems\LibraryItems.csproj", "{8879C3DA-D83A-410F-8EFC-94028AA8A3EB}"
EndProject
Global
	GlobalSection(SolutionConfigurationPlatforms) = preSolution
		Debug|Any CPU = Debug|Any CPU
		Release|Any CPU = Release|Any CPU
	EndGlobalSection
	GlobalSection(ProjectConfigurationPlatforms) = postSolution
		{8879C3DA-D83A-410F-8EFC-94028AA8A3EB}.Debug|Any CPU.ActiveCfg = Debug|Any CPU
		{8879C3DA-D83A-410F-8EFC-94028AA8A3EB}.Debug|Any CPU.Build.0 = Debug|Any CPU
		{8879C3DA-D83A-410F-8EFC-94028AA8A3EB}.Release|Any CPU.ActiveCfg = Release|Any CPU
		{8879C3DA-D83A-410F-8EFC-94028AA8A3EB}.Release|Any CPU.Build.0 = Release|Any CPU
	EndGlobalSection
	GlobalSection(SolutionProperties) = preSolution
		HideSolutionNode = FALSE
	EndGlobalSection
	GlobalSection(ExtensibilityGlobals) = postSolution
		SolutionGuid = {79CF70B7-D89B-46E3-BC16-400002E45DA0}
	EndGlobalSection
EndGlobal
